[[package]]
name = "anyio"
version = "3.6.2"
description = "High level compatibility layer for multiple asynchronous event loop implementations"
category = "main"
optional = false
python-versions = ">=3.6.2"

[package.dependencies]
idna = ">=2.8"
sniffio = ">=1.1"

[package.extras]
doc = ["packaging", "sphinx-rtd-theme", "sphinx-autodoc-typehints (>=1.2.0)"]
test = ["coverage[toml] (>=4.5)", "hypothesis (>=4.0)", "pytest (>=7.0)", "pytest-mock (>=3.6.1)", "trustme", "contextlib2", "uvloop (<0.15)", "mock (>=4)", "uvloop (>=0.15)"]
trio = ["trio (>=0.16,<0.22)"]

[[package]]
name = "asgiref"
version = "3.6.0"
description = "ASGI specs, helper code, and adapters"
category = "main"
optional = false
python-versions = ">=3.7"

[package.extras]
tests = ["pytest", "pytest-asyncio", "mypy (>=0.800)"]

[[package]]
name = "black"
version = "23.3.0"
description = "The uncompromising code formatter."
category = "dev"
optional = false
python-versions = ">=3.7"

[package.dependencies]
click = ">=8.0.0"
mypy-extensions = ">=0.4.3"
packaging = ">=22.0"
pathspec = ">=0.9.0"
platformdirs = ">=2"
tomli = {version = ">=1.1.0", markers = "python_version < \"3.11\""}
typing-extensions = {version = ">=3.10.0.0", markers = "python_version < \"3.10\""}

[package.extras]
colorama = ["colorama (>=0.4.3)"]
d = ["aiohttp (>=3.7.4)"]
jupyter = ["ipython (>=7.8.0)", "tokenize-rt (>=3.2.0)"]
uvloop = ["uvloop (>=0.15.2)"]

[[package]]
name = "bonn"
version = "0.1.1"
description = "Created for ONS. Proof-of-concept mmap'd Rust word2vec implementation linked with category matching"
category = "main"
optional = false
python-versions = "*"

[package.dependencies]
dynaconf = "*"
elasticsearch-dsl = ">=2.0,<3.0"
elasticsearch2 = ">=2.5.1,<2.6.0"
finalfusion = "*"
nltk = ">=3.7,<4.0"
numpy = "*"
sortedcontainers = ">=2.4.0,<2.5.0"

[[package]]
name = "certifi"
version = "2022.12.7"
description = "Python package for providing Mozilla's CA Bundle."
category = "main"
optional = false
python-versions = ">=3.6"

[[package]]
name = "charset-normalizer"
version = "3.1.0"
description = "The Real First Universal Charset Detector. Open, modern and actively maintained alternative to Chardet."
category = "main"
optional = false
python-versions = ">=3.7.0"

[[package]]
name = "click"
version = "8.1.3"
description = "Composable command line interface toolkit"
category = "main"
optional = false
python-versions = ">=3.7"

[package.dependencies]
colorama = {version = "*", markers = "platform_system == \"Windows\""}

[[package]]
name = "colorama"
version = "0.4.6"
description = "Cross-platform colored terminal text."
category = "main"
optional = false
python-versions = "!=3.0.*,!=3.1.*,!=3.2.*,!=3.3.*,!=3.4.*,!=3.5.*,!=3.6.*,>=2.7"

[[package]]
name = "commonmark"
version = "0.9.1"
description = "Python parser for the CommonMark Markdown spec"
category = "dev"
optional = false
python-versions = "*"

[package.extras]
test = ["flake8 (==3.7.8)", "hypothesis (==3.55.3)"]

[[package]]
name = "cyclonedx-bom"
version = "3.11.0"
description = "CycloneDX Software Bill of Materials (SBOM) generation utility"
category = "dev"
optional = false
python-versions = ">=3.6,<4.0"

[package.dependencies]
cyclonedx-python-lib = ">=2.0.0,<4.0.0"
packageurl-python = ">=0.9"
pip-requirements-parser = ">=32.0.0,<33.0.0"
toml = ">=0.10.0,<0.11.0"

[[package]]
name = "cyclonedx-python-lib"
version = "3.1.5"
description = "A library for producing CycloneDX SBOM (Software Bill of Materials) files."
category = "dev"
optional = false
python-versions = ">=3.6,<4.0"

[package.dependencies]
packageurl-python = ">=0.9"
sortedcontainers = ">=2.4.0,<3.0.0"
toml = ">=0.10.0,<0.11.0"

[[package]]
name = "dynaconf"
version = "3.1.12"
description = "The dynamic configurator for your Python Project"
category = "main"
optional = false
python-versions = ">=3.8"

[package.extras]
all = ["redis", "ruamel.yaml", "configobj", "hvac"]
configobj = ["configobj"]
ini = ["configobj"]
redis = ["redis"]
test = ["pytest", "pytest-cov", "pytest-xdist", "pytest-mock", "flake8", "pep8-naming", "flake8-debugger", "flake8-print", "flake8-todo", "radon", "flask (>=0.12)", "django", "python-dotenv", "toml", "codecov", "redis", "hvac", "configobj"]
toml = ["toml"]
vault = ["hvac"]
yaml = ["ruamel.yaml"]

[[package]]
name = "elasticsearch"
version = "2.4.1"
description = "Python client for Elasticsearch"
category = "main"
optional = false
python-versions = "*"

[package.dependencies]
urllib3 = ">=1.8,<2.0"

[[package]]
name = "elasticsearch-dsl"
version = "2.2.0"
description = "Python client for Elasticsearch"
category = "main"
optional = false
python-versions = "*"

[package.dependencies]
elasticsearch = ">=2.0.0,<3.0.0"
python-dateutil = "*"
six = "*"

[[package]]
name = "elasticsearch2"
version = "2.5.1"
description = "Python client for Elasticsearch"
category = "main"
optional = false
python-versions = "*"

[package.dependencies]
urllib3 = ">=1.8,<2.0"

[[package]]
name = "exceptiongroup"
version = "1.1.1"
description = "Backport of PEP 654 (exception groups)"
category = "dev"
optional = false
python-versions = ">=3.7"

[package.extras]
test = ["pytest (>=6)"]

[[package]]
name = "fastapi"
version = "0.93.0"
description = "FastAPI framework, high performance, easy to learn, fast to code, ready for production"
category = "main"
optional = false
python-versions = ">=3.7"

[package.dependencies]
pydantic = ">=1.6.2,<1.7 || >1.7,<1.7.1 || >1.7.1,<1.7.2 || >1.7.2,<1.7.3 || >1.7.3,<1.8 || >1.8,<1.8.1 || >1.8.1,<2.0.0"
starlette = ">=0.25.0,<0.26.0"

[package.extras]
all = ["email-validator (>=1.1.1)", "httpx (>=0.23.0)", "itsdangerous (>=1.1.0)", "jinja2 (>=2.11.2)", "orjson (>=3.2.1)", "python-multipart (>=0.0.5)", "pyyaml (>=5.3.1)", "ujson (>=4.0.1,!=4.0.2,!=4.1.0,!=4.2.0,!=4.3.0,!=5.0.0,!=5.1.0)", "uvicorn[standard] (>=0.12.0)"]
dev = ["pre-commit (>=2.17.0,<3.0.0)", "ruff (==0.0.138)", "uvicorn[standard] (>=0.12.0,<0.21.0)"]
doc = ["mdx-include (>=1.4.1,<2.0.0)", "mkdocs-markdownextradata-plugin (>=0.1.7,<0.3.0)", "mkdocs-material (>=8.1.4,<9.0.0)", "mkdocs (>=1.1.2,<2.0.0)", "pyyaml (>=5.3.1,<7.0.0)", "typer-cli (>=0.0.13,<0.0.14)", "typer[all] (>=0.6.1,<0.8.0)"]
test = ["anyio[trio] (>=3.2.1,<4.0.0)", "black (==22.10.0)", "coverage[toml] (>=6.5.0,<8.0)", "databases[sqlite] (>=0.3.2,<0.7.0)", "email-validator (>=1.1.1,<2.0.0)", "flask (>=1.1.2,<3.0.0)", "httpx (>=0.23.0,<0.24.0)", "isort (>=5.0.6,<6.0.0)", "mypy (==0.982)", "orjson (>=3.2.1,<4.0.0)", "passlib[bcrypt] (>=1.7.2,<2.0.0)", "peewee (>=3.13.3,<4.0.0)", "pytest (>=7.1.3,<8.0.0)", "python-jose[cryptography] (>=3.3.0,<4.0.0)", "python-multipart (>=0.0.5,<0.0.6)", "pyyaml (>=5.3.1,<7.0.0)", "ruff (==0.0.138)", "sqlalchemy (>=1.3.18,<1.4.43)", "types-orjson (==3.6.2)", "types-ujson (==5.6.0.0)", "ujson (>=4.0.1,!=4.0.2,!=4.1.0,!=4.2.0,!=4.3.0,!=5.0.0,!=5.1.0,<6.0.0)"]

[[package]]
name = "finalfusion"
version = "0.7.1"
description = "Finalfusion in Python"
category = "main"
optional = false
python-versions = "*"

[package.dependencies]
numpy = "*"
toml = "*"

[[package]]
name = "flake8"
version = "6.0.0"
description = "the modular source code checker: pep8 pyflakes and co"
category = "dev"
optional = false
python-versions = ">=3.8.1"

[package.dependencies]
mccabe = ">=0.7.0,<0.8.0"
pycodestyle = ">=2.10.0,<2.11.0"
pyflakes = ">=3.0.0,<3.1.0"

[[package]]
name = "h11"
version = "0.14.0"
description = "A pure-Python, bring-your-own-I/O implementation of HTTP/1.1"
category = "main"
optional = false
python-versions = ">=3.7"

[[package]]
name = "httpcore"
version = "0.17.0"
description = "A minimal low-level HTTP client."
category = "main"
optional = false
python-versions = ">=3.7"

[package.dependencies]
anyio = ">=3.0,<5.0"
certifi = "*"
h11 = ">=0.13,<0.15"
sniffio = ">=1.0.0,<2.0.0"

[package.extras]
http2 = ["h2 (>=3,<5)"]
socks = ["socksio (>=1.0.0,<2.0.0)"]

[[package]]
name = "httpx"
version = "0.24.0"
description = "The next generation HTTP client."
category = "main"
optional = false
python-versions = ">=3.7"

[package.dependencies]
certifi = "*"
httpcore = ">=0.15.0,<0.18.0"
idna = "*"
sniffio = "*"

[package.extras]
brotli = ["brotli", "brotlicffi"]
cli = ["click (>=8.0.0,<9.0.0)", "pygments (>=2.0.0,<3.0.0)", "rich (>=10,<14)"]
http2 = ["h2 (>=3,<5)"]
socks = ["socksio (>=1.0.0,<2.0.0)"]

[[package]]
name = "idna"
version = "3.4"
description = "Internationalized Domain Names in Applications (IDNA)"
category = "main"
optional = false
python-versions = ">=3.5"

[[package]]
name = "iniconfig"
version = "2.0.0"
description = "brain-dead simple config-ini parsing"
category = "dev"
optional = false
python-versions = ">=3.7"

[[package]]
name = "isort"
version = "5.12.0"
description = "A Python utility / library to sort Python imports."
category = "dev"
optional = false
python-versions = ">=3.8.0"

[package.extras]
colors = ["colorama (>=0.4.3)"]
requirements-deprecated-finder = ["pip-api", "pipreqs"]
pipfile-deprecated-finder = ["pip-shims (>=0.5.2)", "pipreqs", "requirementslib"]
plugins = ["setuptools"]

[[package]]
name = "jake"
version = "3.0.0"
description = "An OSS Index integration to check for vulnerabilities in your Python environments"
category = "dev"
optional = false
python-versions = ">=3.6.2,<4.0.0"

[package.dependencies]
cyclonedx-bom = ">=3.0.0,<4.0.0"
ossindex-lib = ">=1.0.0,<2.0.0"
polling2 = ">=0.5.0,<0.6.0"
pyfiglet = ">=0.7.6,<1.0.0"
requests = ">=2.20.0,<3.0.0"
rich = ">=10.10.0,<11.0.0"

[[package]]
name = "joblib"
version = "1.2.0"
description = "Lightweight pipelining with Python functions"
category = "main"
optional = false
python-versions = ">=3.7"

[[package]]
name = "mccabe"
version = "0.7.0"
description = "McCabe checker, plugin for flake8"
category = "dev"
optional = false
python-versions = ">=3.6"

[[package]]
name = "mypy-extensions"
version = "1.0.0"
description = "Type system extensions for programs checked with the mypy type checker."
category = "dev"
optional = false
python-versions = ">=3.5"

[[package]]
name = "nltk"
version = "3.8.1"
description = "Natural Language Toolkit"
category = "main"
optional = false
python-versions = ">=3.7"

[package.dependencies]
click = "*"
joblib = "*"
regex = ">=2021.8.3"
tqdm = "*"

[package.extras]
all = ["scikit-learn", "python-crfsuite", "requests", "numpy", "pyparsing", "twython", "scipy", "matplotlib"]
corenlp = ["requests"]
machine_learning = ["numpy", "python-crfsuite", "scikit-learn", "scipy"]
plot = ["matplotlib"]
tgrep = ["pyparsing"]
twitter = ["twython"]

[[package]]
name = "numpy"
version = "1.24.3"
description = "Fundamental package for array computing in Python"
category = "main"
optional = false
python-versions = ">=3.8"

[[package]]
name = "ossindex-lib"
version = "1.1.1"
description = "A library for querying the OSS Index free catalogue of open source components to help developers identify vulnerabilities, understand risk, and keep their software safe."
category = "dev"
optional = false
python-versions = ">=3.6,<4.0"

[package.dependencies]
packageurl-python = ">=0.9.0,<0.10.0"
PyYAML = ">=5.4.1,<7.0.0"
requests = ">=2.20.0,<3.0.0"
tinydb = ">=4.5.0,<5.0.0"
types-PyYAML = ">=5.4.1,<6.0.0"
types-requests = ">=2.25.1,<3.0.0"
types-setuptools = ">=57.0.0"

[[package]]
name = "packageurl-python"
version = "0.9.9"
description = "A purl aka. Package URL parser and builder"
category = "dev"
optional = false
python-versions = ">=3.6"

[package.extras]
test = ["isort", "pytest"]

[[package]]
name = "packaging"
version = "23.1"
description = "Core utilities for Python packages"
category = "dev"
optional = false
python-versions = ">=3.7"

[[package]]
name = "pathspec"
version = "0.11.1"
description = "Utility library for gitignore style pattern matching of file paths."
category = "dev"
optional = false
python-versions = ">=3.7"

[[package]]
name = "pip-requirements-parser"
version = "32.0.1"
description = "pip requirements parser - a mostly correct pip requirements parsing library because it uses pip's own code."
category = "dev"
optional = false
python-versions = ">=3.6.0"

[package.dependencies]
packaging = "*"
pyparsing = "*"

[package.extras]
docs = ["Sphinx (>=3.3.1)", "sphinx-rtd-theme (>=0.5.0)", "doc8 (>=0.8.1)"]
testing = ["pytest (>=6,!=7.0.0)", "pytest-xdist (>=2)", "aboutcode-toolkit (>=6.0.0)", "black"]

[[package]]
name = "platformdirs"
version = "3.5.0"
description = "A small Python package for determining appropriate platform-specific dirs, e.g. a \"user data dir\"."
category = "dev"
optional = false
python-versions = ">=3.7"

[package.extras]
docs = ["furo (>=2023.3.27)", "proselint (>=0.13)", "sphinx-autodoc-typehints (>=1.23,!=1.23.4)", "sphinx (>=6.1.3)"]
test = ["appdirs (==1.4.4)", "covdefaults (>=2.3)", "pytest-cov (>=4)", "pytest-mock (>=3.10)", "pytest (>=7.3.1)"]

[[package]]
name = "pluggy"
version = "1.0.0"
description = "plugin and hook calling mechanisms for python"
category = "dev"
optional = false
python-versions = ">=3.6"

[package.extras]
dev = ["pre-commit", "tox"]
testing = ["pytest", "pytest-benchmark"]

[[package]]
name = "polling2"
version = "0.5.0"
description = "Updated polling utility with many configurable options"
category = "dev"
optional = false
python-versions = "*"

[[package]]
name = "pycodestyle"
version = "2.10.0"
description = "Python style guide checker"
category = "dev"
optional = false
python-versions = ">=3.6"

[[package]]
name = "pydantic"
version = "1.10.7"
description = "Data validation and settings management using python type hints"
category = "main"
optional = false
python-versions = ">=3.7"

[package.dependencies]
typing-extensions = ">=4.2.0"

[package.extras]
dotenv = ["python-dotenv (>=0.10.4)"]
email = ["email-validator (>=1.0.3)"]

[[package]]
name = "pyfiglet"
version = "0.8.post1"
description = "Pure-python FIGlet implementation"
category = "dev"
optional = false
python-versions = "*"

[[package]]
name = "pyflakes"
version = "3.0.1"
description = "passive checker of Python programs"
category = "dev"
optional = false
python-versions = ">=3.6"

[[package]]
name = "pygments"
version = "2.15.1"
description = "Pygments is a syntax highlighting package written in Python."
category = "dev"
optional = false
python-versions = ">=3.7"

[package.extras]
plugins = ["importlib-metadata"]

[[package]]
name = "pyparsing"
version = "3.0.9"
description = "pyparsing module - Classes and methods to define and execute parsing grammars"
category = "dev"
optional = false
python-versions = ">=3.6.8"

[package.extras]
diagrams = ["railroad-diagrams", "jinja2"]

[[package]]
name = "pyproject-flake8"
version = "6.0.0.post1"
description = "pyproject-flake8 (`pflake8`), a monkey patching wrapper to connect flake8 with pyproject.toml configuration"
category = "dev"
optional = false
python-versions = ">=3.8.1"

[package.dependencies]
flake8 = "6.0.0"
tomli = {version = "*", markers = "python_version < \"3.11\""}

[[package]]
name = "pytest"
version = "7.3.1"
description = "pytest: simple powerful testing with Python"
category = "dev"
optional = false
python-versions = ">=3.7"

[package.dependencies]
colorama = {version = "*", markers = "sys_platform == \"win32\""}
exceptiongroup = {version = ">=1.0.0rc8", markers = "python_version < \"3.11\""}
iniconfig = "*"
packaging = "*"
pluggy = ">=0.12,<2.0"
tomli = {version = ">=1.0.0", markers = "python_version < \"3.11\""}

[package.extras]
testing = ["argcomplete", "attrs (>=19.2.0)", "hypothesis (>=3.56)", "mock", "nose", "pygments (>=2.7.2)", "requests", "xmlschema"]

[[package]]
name = "python-dateutil"
version = "2.8.2"
description = "Extensions to the standard Python datetime module"
category = "main"
optional = false
python-versions = "!=3.0.*,!=3.1.*,!=3.2.*,>=2.7"

[package.dependencies]
six = ">=1.5"

[[package]]
name = "pyyaml"
version = "6.0"
description = "YAML parser and emitter for Python"
category = "dev"
optional = false
python-versions = ">=3.6"

[[package]]
name = "regex"
version = "2023.3.23"
description = "Alternative regular expression module, to replace re."
category = "main"
optional = false
python-versions = ">=3.8"

[[package]]
name = "requests"
version = "2.29.0"
description = "Python HTTP for Humans."
category = "main"
optional = false
python-versions = ">=3.7"

[package.dependencies]
certifi = ">=2017.4.17"
charset-normalizer = ">=2,<4"
idna = ">=2.5,<4"
urllib3 = ">=1.21.1,<1.27"

[package.extras]
socks = ["PySocks (>=1.5.6,!=1.5.7)"]
use_chardet_on_py3 = ["chardet (>=3.0.2,<6)"]

[[package]]
name = "rich"
version = "10.16.2"
description = "Render rich text, tables, progress bars, syntax highlighting, markdown and more to the terminal"
category = "dev"
optional = false
python-versions = ">=3.6.2,<4.0.0"

[package.dependencies]
colorama = ">=0.4.0,<0.5.0"
commonmark = ">=0.9.0,<0.10.0"
pygments = ">=2.6.0,<3.0.0"

[package.extras]
jupyter = ["ipywidgets (>=7.5.1,<8.0.0)"]

[[package]]
name = "six"
version = "1.16.0"
description = "Python 2 and 3 compatibility utilities"
category = "main"
optional = false
python-versions = ">=2.7, !=3.0.*, !=3.1.*, !=3.2.*"

[[package]]
name = "sniffio"
version = "1.3.0"
description = "Sniff out which async library your code is running under"
category = "main"
optional = false
python-versions = ">=3.7"

[[package]]
name = "sortedcontainers"
version = "2.4.0"
description = "Sorted Containers -- Sorted List, Sorted Dict, Sorted Set"
category = "main"
optional = false
python-versions = "*"

[[package]]
name = "starlette"
version = "0.25.0"
description = "The little ASGI library that shines."
category = "main"
optional = false
python-versions = ">=3.7"

[package.dependencies]
anyio = ">=3.4.0,<5"
typing-extensions = {version = ">=3.10.0", markers = "python_version < \"3.10\""}

[package.extras]
full = ["httpx (>=0.22.0)", "itsdangerous", "jinja2", "python-multipart", "pyyaml"]

[[package]]
name = "structlog"
version = "21.5.0"
description = "Structured Logging for Python"
category = "main"
optional = false
python-versions = ">=3.6"

[package.extras]
dev = ["pre-commit", "rich", "cogapp", "tomli", "coverage", "freezegun (>=0.2.8)", "pretend", "pytest-asyncio", "pytest (>=6.0)", "simplejson", "furo", "sphinx", "sphinx-notfound-page", "sphinxcontrib-mermaid", "twisted"]
docs = ["furo", "sphinx", "sphinx-notfound-page", "sphinxcontrib-mermaid", "twisted"]
tests = ["coverage", "freezegun (>=0.2.8)", "pretend", "pytest-asyncio", "pytest (>=6.0)", "simplejson"]

[[package]]
name = "tinydb"
version = "4.7.1"
description = "TinyDB is a tiny, document oriented database optimized for your happiness :)"
category = "dev"
optional = false
python-versions = ">=3.7,<4.0"

[[package]]
name = "toml"
version = "0.10.2"
description = "Python Library for Tom's Obvious, Minimal Language"
category = "main"
optional = false
python-versions = ">=2.6, !=3.0.*, !=3.1.*, !=3.2.*"

[[package]]
name = "tomli"
version = "2.0.1"
description = "A lil' TOML parser"
category = "dev"
optional = false
python-versions = ">=3.7"

[[package]]
name = "tqdm"
version = "4.65.0"
description = "Fast, Extensible Progress Meter"
category = "main"
optional = false
python-versions = ">=3.7"

[package.dependencies]
colorama = {version = "*", markers = "platform_system == \"Windows\""}

[package.extras]
dev = ["py-make (>=0.1.0)", "twine", "wheel"]
notebook = ["ipywidgets (>=6)"]
slack = ["slack-sdk"]
telegram = ["requests"]

[[package]]
name = "types-pyyaml"
version = "5.4.12"
description = "Typing stubs for PyYAML"
category = "dev"
optional = false
python-versions = "*"

[[package]]
name = "types-requests"
version = "2.28.11.17"
description = "Typing stubs for requests"
category = "dev"
optional = false
python-versions = "*"

[package.dependencies]
types-urllib3 = "<1.27"

[[package]]
name = "types-setuptools"
version = "67.7.0.0"
description = "Typing stubs for setuptools"
category = "dev"
optional = false
python-versions = "*"

[[package]]
name = "types-urllib3"
version = "1.26.25.11"
description = "Typing stubs for urllib3"
category = "dev"
optional = false
python-versions = "*"

[[package]]
name = "typing-extensions"
version = "4.5.0"
description = "Backported and Experimental Type Hints for Python 3.7+"
category = "main"
optional = false
python-versions = ">=3.7"

[[package]]
name = "urllib3"
version = "1.26.15"
description = "HTTP library with thread-safe connection pooling, file post, and more."
category = "main"
optional = false
python-versions = ">=2.7, !=3.0.*, !=3.1.*, !=3.2.*, !=3.3.*, !=3.4.*, !=3.5.*"

[package.extras]
brotli = ["brotlicffi (>=0.8.0)", "brotli (>=1.0.9)", "brotlipy (>=0.6.0)"]
secure = ["pyOpenSSL (>=0.14)", "cryptography (>=1.3.4)", "idna (>=2.0.0)", "certifi", "urllib3-secure-extra", "ipaddress"]
socks = ["PySocks (>=1.5.6,!=1.5.7,<2.0)"]

[[package]]
name = "uvicorn"
version = "0.17.6"
description = "The lightning-fast ASGI server."
category = "main"
optional = false
python-versions = ">=3.7"

[package.dependencies]
asgiref = ">=3.4.0"
click = ">=7.0"
h11 = ">=0.8"

[package.extras]
standard = ["websockets (>=10.0)", "httptools (>=0.4.0)", "watchgod (>=0.6)", "python-dotenv (>=0.13)", "PyYAML (>=5.1)", "uvloop (>=0.14.0,!=0.15.0,!=0.15.1)", "colorama (>=0.4)"]

[metadata]
lock-version = "1.1"
python-versions = ">=3.9,<4"
content-hash = "bb8b0a3c47d13fe8fc499838e37229728b9e0943179b73f24a955caa6b3672c7"

[metadata.files]
anyio = []
asgiref = []
black = []
bonn = []
certifi = []
charset-normalizer = []
click = []
colorama = []
commonmark = []
cyclonedx-bom = []
cyclonedx-python-lib = []
dynaconf = []
elasticsearch = []
elasticsearch-dsl = []
elasticsearch2 = []
exceptiongroup = []
fastapi = []
finalfusion = []
flake8 = []
h11 = []
httpcore = []
httpx = []
idna = []
iniconfig = []
isort = []
jake = []
joblib = []
mccabe = []
mypy-extensions = []
nltk = []
numpy = []
ossindex-lib = []
packageurl-python = []
packaging = []
pathspec = []
pip-requirements-parser = []
platformdirs = []
pluggy = []
polling2 = []
pycodestyle = []
pydantic = []
pyfiglet = []
pyflakes = []
pygments = []
pyparsing = []
pyproject-flake8 = []
pytest = []
python-dateutil = []
pyyaml = []
regex = []
requests = []
rich = []
six = []
sniffio = []
sortedcontainers = []
starlette = []
structlog = []
tinydb = []
toml = []
tomli = []
tqdm = []
types-pyyaml = []
types-requests = []
types-setuptools = []
types-urllib3 = []
typing-extensions = []
urllib3 = []
uvicorn = []
